// !$*UTF8*$!
{
	archiveVersion = 1;
	classes = {
	};
	objectVersion = 46;
	objects = {

/* Begin PBXBuildFile section */
		C91AE3981C78FE9E00787D2D /* TwitterClient.swift in Sources */ = {isa = PBXBuildFile; fileRef = C91AE3971C78FE9E00787D2D /* TwitterClient.swift */; };
		C91AE39B1C78FFA200787D2D /* Twitter.m in Sources */ = {isa = PBXBuildFile; fileRef = C91AE39A1C78FFA200787D2D /* Twitter.m */; };
		C91AE39E1C7ACD3E00787D2D /* User.swift in Sources */ = {isa = PBXBuildFile; fileRef = C91AE39D1C7ACD3E00787D2D /* User.swift */; };
		C91AE3A01C7ACD4C00787D2D /* Tweet.swift in Sources */ = {isa = PBXBuildFile; fileRef = C91AE39F1C7ACD4C00787D2D /* Tweet.swift */; };
		C91AE3A21C7AF01700787D2D /* TweetsViewController.swift in Sources */ = {isa = PBXBuildFile; fileRef = C91AE3A11C7AF01700787D2D /* TweetsViewController.swift */; };
		C93BEE191C78FB5400E22D9F /* AppDelegate.swift in Sources */ = {isa = PBXBuildFile; fileRef = C93BEE181C78FB5400E22D9F /* AppDelegate.swift */; };
		C93BEE1B1C78FB5400E22D9F /* ViewController.swift in Sources */ = {isa = PBXBuildFile; fileRef = C93BEE1A1C78FB5400E22D9F /* ViewController.swift */; };
		C93BEE1E1C78FB5400E22D9F /* Main.storyboard in Resources */ = {isa = PBXBuildFile; fileRef = C93BEE1C1C78FB5400E22D9F /* Main.storyboard */; };
		C93BEE201C78FB5400E22D9F /* Assets.xcassets in Resources */ = {isa = PBXBuildFile; fileRef = C93BEE1F1C78FB5400E22D9F /* Assets.xcassets */; };
		C93BEE231C78FB5400E22D9F /* LaunchScreen.storyboard in Resources */ = {isa = PBXBuildFile; fileRef = C93BEE211C78FB5400E22D9F /* LaunchScreen.storyboard */; };
		FE0224DD84B937A3BE23DD2A /* Pods.framework in Frameworks */ = {isa = PBXBuildFile; fileRef = AC1BA2DCF0CEF29280F398EA /* Pods.framework */; };
/* End PBXBuildFile section */

/* Begin PBXFileReference section */
		3AFDD79280C5385B80093EED /* Pods.release.xcconfig */ = {isa = PBXFileReference; includeInIndex = 1; lastKnownFileType = text.xcconfig; name = Pods.release.xcconfig; path = "Pods/Target Support Files/Pods/Pods.release.xcconfig"; sourceTree = "<group>"; };
		A508ABAD10AC7679E64901AA /* Pods.debug.xcconfig */ = {isa = PBXFileReference; includeInIndex = 1; lastKnownFileType = text.xcconfig; name = Pods.debug.xcconfig; path = "Pods/Target Support Files/Pods/Pods.debug.xcconfig"; sourceTree = "<group>"; };
		AC1BA2DCF0CEF29280F398EA /* Pods.framework */ = {isa = PBXFileReference; explicitFileType = wrapper.framework; includeInIndex = 0; path = Pods.framework; sourceTree = BUILT_PRODUCTS_DIR; };
		C91AE3971C78FE9E00787D2D /* TwitterClient.swift */ = {isa = PBXFileReference; fileEncoding = 4; lastKnownFileType = sourcecode.swift; path = TwitterClient.swift; sourceTree = "<group>"; };
		C91AE3991C78FFA200787D2D /* Twitter-Bridging-Header.h */ = {isa = PBXFileReference; lastKnownFileType = sourcecode.c.h; path = "Twitter-Bridging-Header.h"; sourceTree = "<group>"; };
		C91AE39A1C78FFA200787D2D /* Twitter.m */ = {isa = PBXFileReference; fileEncoding = 4; lastKnownFileType = sourcecode.c.objc; path = Twitter.m; sourceTree = "<group>"; };
		C91AE39D1C7ACD3E00787D2D /* User.swift */ = {isa = PBXFileReference; fileEncoding = 4; lastKnownFileType = sourcecode.swift; path = User.swift; sourceTree = "<group>"; };
		C91AE39F1C7ACD4C00787D2D /* Tweet.swift */ = {isa = PBXFileReference; fileEncoding = 4; lastKnownFileType = sourcecode.swift; path = Tweet.swift; sourceTree = "<group>"; };
		C91AE3A11C7AF01700787D2D /* TweetsViewController.swift */ = {isa = PBXFileReference; fileEncoding = 4; lastKnownFileType = sourcecode.swift; path = TweetsViewController.swift; sourceTree = "<group>"; };
		C93BEE151C78FB5400E22D9F /* Twitter.app */ = {isa = PBXFileReference; explicitFileType = wrapper.application; includeInIndex = 0; path = Twitter.app; sourceTree = BUILT_PRODUCTS_DIR; };
		C93BEE181C78FB5400E22D9F /* AppDelegate.swift */ = {isa = PBXFileReference; lastKnownFileType = sourcecode.swift; path = AppDelegate.swift; sourceTree = "<group>"; };
		C93BEE1A1C78FB5400E22D9F /* ViewController.swift */ = {isa = PBXFileReference; lastKnownFileType = sourcecode.swift; path = ViewController.swift; sourceTree = "<group>"; };
		C93BEE1D1C78FB5400E22D9F /* Base */ = {isa = PBXFileReference; lastKnownFileType = file.storyboard; name = Base; path = Base.lproj/Main.storyboard; sourceTree = "<group>"; };
		C93BEE1F1C78FB5400E22D9F /* Assets.xcassets */ = {isa = PBXFileReference; lastKnownFileType = folder.assetcatalog; path = Assets.xcassets; sourceTree = "<group>"; };
		C93BEE221C78FB5400E22D9F /* Base */ = {isa = PBXFileReference; lastKnownFileType = file.storyboard; name = Base; path = Base.lproj/LaunchScreen.storyboard; sourceTree = "<group>"; };
		C93BEE241C78FB5400E22D9F /* Info.plist */ = {isa = PBXFileReference; lastKnownFileType = text.plist.xml; path = Info.plist; sourceTree = "<group>"; };
/* End PBXFileReference section */

/* Begin PBXFrameworksBuildPhase section */
		C93BEE121C78FB5400E22D9F /* Frameworks */ = {
			isa = PBXFrameworksBuildPhase;
			buildActionMask = 2147483647;
			files = (
				FE0224DD84B937A3BE23DD2A /* Pods.framework in Frameworks */,
			);
			runOnlyForDeploymentPostprocessing = 0;
		};
/* End PBXFrameworksBuildPhase section */

/* Begin PBXGroup section */
		1F09C7CEF2A6350317C60E60 /* Pods */ = {
			isa = PBXGroup;
			children = (
				A508ABAD10AC7679E64901AA /* Pods.debug.xcconfig */,
				3AFDD79280C5385B80093EED /* Pods.release.xcconfig */,
			);
			name = Pods;
			sourceTree = "<group>";
		};
		C91AE3961C78FD8600787D2D /* api */ = {
			isa = PBXGroup;
			children = (
				C91AE3971C78FE9E00787D2D /* TwitterClient.swift */,
				C91AE39C1C7ACD2800787D2D /* models */,
			);
			name = api;
			sourceTree = "<group>";
		};
		C91AE39C1C7ACD2800787D2D /* models */ = {
			isa = PBXGroup;
			children = (
				C91AE39D1C7ACD3E00787D2D /* User.swift */,
				C91AE39F1C7ACD4C00787D2D /* Tweet.swift */,
			);
			name = models;
			sourceTree = "<group>";
		};
		C93BEE0C1C78FB5400E22D9F = {
			isa = PBXGroup;
			children = (
				C93BEE171C78FB5400E22D9F /* Twitter */,
				C93BEE161C78FB5400E22D9F /* Products */,
				1F09C7CEF2A6350317C60E60 /* Pods */,
				F492C8AFDF06ED798031148B /* Frameworks */,
			);
			sourceTree = "<group>";
		};
		C93BEE161C78FB5400E22D9F /* Products */ = {
			isa = PBXGroup;
			children = (
				C93BEE151C78FB5400E22D9F /* Twitter.app */,
			);
			name = Products;
			sourceTree = "<group>";
		};
		C93BEE171C78FB5400E22D9F /* Twitter */ = {
			isa = PBXGroup;
			children = (
				C91AE3961C78FD8600787D2D /* api */,
				C93BEE181C78FB5400E22D9F /* AppDelegate.swift */,
				C93BEE1A1C78FB5400E22D9F /* ViewController.swift */,
				C93BEE1C1C78FB5400E22D9F /* Main.storyboard */,
				C93BEE1F1C78FB5400E22D9F /* Assets.xcassets */,
				C93BEE211C78FB5400E22D9F /* LaunchScreen.storyboard */,
				C93BEE241C78FB5400E22D9F /* Info.plist */,
				C91AE39A1C78FFA200787D2D /* Twitter.m */,
				C91AE3991C78FFA200787D2D /* Twitter-Bridging-Header.h */,
				C91AE3A11C7AF01700787D2D /* TweetsViewController.swift */,
			);
			path = Twitter;
			sourceTree = "<group>";
		};
		F492C8AFDF06ED798031148B /* Frameworks */ = {
			isa = PBXGroup;
			children = (
				AC1BA2DCF0CEF29280F398EA /* Pods.framework */,
			);
			name = Frameworks;
			sourceTree = "<group>";
		};
/* End PBXGroup section */

/* Begin PBXNativeTarget section */
		C93BEE141C78FB5400E22D9F /* Twitter */ = {
			isa = PBXNativeTarget;
			buildConfigurationList = C93BEE271C78FB5400E22D9F /* Build configuration list for PBXNativeTarget "Twitter" */;
			buildPhases = (
				4A50185F61B780AC19EA9418 /* Check Pods Manifest.lock */,
				C93BEE111C78FB5400E22D9F /* Sources */,
				C93BEE121C78FB5400E22D9F /* Frameworks */,
				C93BEE131C78FB5400E22D9F /* Resources */,
				C017496B269BE95EE5D82445 /* Embed Pods Frameworks */,
				37A2E64665E1158E647CCE85 /* Copy Pods Resources */,
			);
			buildRules = (
			);
			dependencies = (
			);
			name = Twitter;
			productName = Twitter;
			productReference = C93BEE151C78FB5400E22D9F /* Twitter.app */;
			productType = "com.apple.product-type.application";
		};
/* End PBXNativeTarget section */

/* Begin PBXProject section */
		C93BEE0D1C78FB5400E22D9F /* Project object */ = {
			isa = PBXProject;
			attributes = {
				LastSwiftUpdateCheck = 0720;
				LastUpgradeCheck = 0720;
				ORGANIZATIONNAME = "Zean Tsoi";
				TargetAttributes = {
					C93BEE141C78FB5400E22D9F = {
						CreatedOnToolsVersion = 7.2.1;
					};
				};
			};
			buildConfigurationList = C93BEE101C78FB5400E22D9F /* Build configuration list for PBXProject "Twitter" */;
			compatibilityVersion = "Xcode 3.2";
			developmentRegion = English;
			hasScannedForEncodings = 0;
			knownRegions = (
				en,
				Base,
			);
			mainGroup = C93BEE0C1C78FB5400E22D9F;
			productRefGroup = C93BEE161C78FB5400E22D9F /* Products */;
			projectDirPath = "";
			projectRoot = "";
			targets = (
				C93BEE141C78FB5400E22D9F /* Twitter */,
			);
		};
/* End PBXProject section */

/* Begin PBXResourcesBuildPhase section */
		C93BEE131C78FB5400E22D9F /* Resources */ = {
			isa = PBXResourcesBuildPhase;
			buildActionMask = 2147483647;
			files = (
				C93BEE231C78FB5400E22D9F /* LaunchScreen.storyboard in Resources */,
				C93BEE201C78FB5400E22D9F /* Assets.xcassets in Resources */,
				C93BEE1E1C78FB5400E22D9F /* Main.storyboard in Resources */,
			);
			runOnlyForDeploymentPostprocessing = 0;
		};
/* End PBXResourcesBuildPhase section */

/* Begin PBXShellScriptBuildPhase section */
		37A2E64665E1158E647CCE85 /* Copy Pods Resources */ = {
			isa = PBXShellScriptBuildPhase;
			buildActionMask = 2147483647;
			files = (
			);
			inputPaths = (
			);
			name = "Copy Pods Resources";
			outputPaths = (
			);
			runOnlyForDeploymentPostprocessing = 0;
			shellPath = /bin/sh;
			shellScript = "\"${SRCROOT}/Pods/Target Support Files/Pods/Pods-resources.sh\"\n";
			showEnvVarsInLog = 0;
		};
		4A50185F61B780AC19EA9418 /* Check Pods Manifest.lock */ = {
			isa = PBXShellScriptBuildPhase;
			buildActionMask = 2147483647;
			files = (
			);
			inputPaths = (
			);
			name = "Check Pods Manifest.lock";
			outputPaths = (
			);
			runOnlyForDeploymentPostprocessing = 0;
			shellPath = /bin/sh;
			shellScript = "diff \"${PODS_ROOT}/../Podfile.lock\" \"${PODS_ROOT}/Manifest.lock\" > /dev/null\nif [[ $? != 0 ]] ; then\n    cat << EOM\nerror: The sandbox is not in sync with the Podfile.lock. Run 'pod install' or update your CocoaPods installation.\nEOM\n    exit 1\nfi\n";
			showEnvVarsInLog = 0;
		};
		C017496B269BE95EE5D82445 /* Embed Pods Frameworks */ = {
			isa = PBXShellScriptBuildPhase;
			buildActionMask = 2147483647;
			files = (
			);
			inputPaths = (
			);
			name = "Embed Pods Frameworks";
			outputPaths = (
			);
			runOnlyForDeploymentPostprocessing = 0;
			shellPath = /bin/sh;
			shellScript = "\"${SRCROOT}/Pods/Target Support Files/Pods/Pods-frameworks.sh\"\n";
			showEnvVarsInLog = 0;
		};
/* End PBXShellScriptBuildPhase section */

/* Begin PBXSourcesBuildPhase section */
		C93BEE111C78FB5400E22D9F /* Sources */ = {
			isa = PBXSourcesBuildPhase;
			buildActionMask = 2147483647;
			files = (
				C91AE3981C78FE9E00787D2D /* TwitterClient.swift in Sources */,
				C93BEE1B1C78FB5400E22D9F /* ViewController.swift in Sources */,
				C93BEE191C78FB5400E22D9F /* AppDelegate.swift in Sources */,
				C91AE3A01C7ACD4C00787D2D /* Tweet.swift in Sources */,
				C91AE3A21C7AF01700787D2D /* TweetsViewController.swift in Sources */,
				C91AE39E1C7ACD3E00787D2D /* User.swift in Sources */,
				C91AE39B1C78FFA200787D2D /* Twitter.m in Sources */,
			);
			runOnlyForDeploymentPostprocessing = 0;
		};
/* End PBXSourcesBuildPhase section */

/* Begin PBXVariantGroup section */
		C93BEE1C1C78FB5400E22D9F /* Main.storyboard */ = {
			isa = PBXVariantGroup;
			children = (
				C93BEE1D1C78FB5400E22D9F /* Base */,
			);
			name = Main.storyboard;
			sourceTree = "<group>";
		};
		C93BEE211C78FB5400E22D9F /* LaunchScreen.storyboard */ = {
			isa = PBXVariantGroup;
			children = (
				C93BEE221C78FB5400E22D9F /* Base */,
			);
			name = LaunchScreen.storyboard;
			sourceTree = "<group>";
		};
/* End PBXVariantGroup section */

/* Begin XCBuildConfiguration section */
		C93BEE251C78FB5400E22D9F /* Debug */ = {
			isa = XCBuildConfiguration;
			buildSettings = {
				ALWAYS_SEARCH_USER_PATHS = NO;
				CLANG_CXX_LANGUAGE_STANDARD = "gnu++0x";
				CLANG_CXX_LIBRARY = "libc++";
				CLANG_ENABLE_MODULES = YES;
				CLANG_ENABLE_OBJC_ARC = YES;
				CLANG_WARN_BOOL_CONVERSION = YES;
				CLANG_WARN_CONSTANT_CONVERSION = YES;
				CLANG_WARN_DIRECT_OBJC_ISA_USAGE = YES_ERROR;
				CLANG_WARN_EMPTY_BODY = YES;
				CLANG_WARN_ENUM_CONVERSION = YES;
				CLANG_WARN_INT_CONVERSION = YES;
				CLANG_WARN_OBJC_ROOT_CLASS = YES_ERROR;
				CLANG_WARN_UNREACHABLE_CODE = YES;
				CLANG_WARN__DUPLICATE_METHOD_MATCH = YES;
				"CODE_SIGN_IDENTITY[sdk=iphoneos*]" = "iPhone Developer";
				COPY_PHASE_STRIP = NO;
				DEBUG_INFORMATION_FORMAT = dwarf;
				ENABLE_STRICT_OBJC_MSGSEND = YES;
				ENABLE_TESTABILITY = YES;
				GCC_C_LANGUAGE_STANDARD = gnu99;
				GCC_DYNAMIC_NO_PIC = NO;
				GCC_NO_COMMON_BLOCKS = YES;
				GCC_OPTIMIZATION_LEVEL = 0;
				GCC_PREPROCESSOR_DEFINITIONS = (
					"DEBUG=1",
					"$(inherited)",
				);
				GCC_WARN_64_TO_32_BIT_CONVERSION = YES;
				GCC_WARN_ABOUT_RETURN_TYPE = YES_ERROR;
				GCC_WARN_UNDECLARED_SELECTOR = YES;
				GCC_WARN_UNINITIALIZED_AUTOS = YES_AGGRESSIVE;
				GCC_WARN_UNUSED_FUNCTION = YES;
				GCC_WARN_UNUSED_VARIABLE = YES;
				IPHONEOS_DEPLOYMENT_TARGET = 9.2;
				MTL_ENABLE_DEBUG_INFO = YES;
				ONLY_ACTIVE_ARCH = YES;
				SDKROOT = iphoneos;
				SWIFT_OPTIMIZATION_LEVEL = "-Onone";
				TARGETED_DEVICE_FAMILY = "1,2";
			};
			name = Debug;
		};
		C93BEE261C78FB5400E22D9F /* Release */ = {
			isa = XCBuildConfiguration;
			buildSettings = {
				ALWAYS_SEARCH_USER_PATHS = NO;
				CLANG_CXX_LANGUAGE_STANDARD = "gnu++0x";
				CLANG_CXX_LIBRARY = "libc++";
				CLANG_ENABLE_MODULES = YES;
				CLANG_ENABLE_OBJC_ARC = YES;
				CLANG_WARN_BOOL_CONVERSION = YES;
				CLANG_WARN_CONSTANT_CONVERSION = YES;
				CLANG_WARN_DIRECT_OBJC_ISA_USAGE = YES_ERROR;
				CLANG_WARN_EMPTY_BODY = YES;
				CLANG_WARN_ENUM_CONVERSION = YES;
				CLANG_WARN_INT_CONVERSION = YES;
				CLANG_WARN_OBJC_ROOT_CLASS = YES_ERROR;
				CLANG_WARN_UNREACHABLE_CODE = YES;
				CLANG_WARN__DUPLICATE_METHOD_MATCH = YES;
				"CODE_SIGN_IDENTITY[sdk=iphoneos*]" = "iPhone Developer";
				COPY_PHASE_STRIP = NO;
				DEBUG_INFORMATION_FORMAT = "dwarf-with-dsym";
				ENABLE_NS_ASSERTIONS = NO;
				ENABLE_STRICT_OBJC_MSGSEND = YES;
				GCC_C_LANGUAGE_STANDARD = gnu99;
				GCC_NO_COMMON_BLOCKS = YES;
				GCC_WARN_64_TO_32_BIT_CONVERSION = YES;
				GCC_WARN_ABOUT_RETURN_TYPE = YES_ERROR;
				GCC_WARN_UNDECLARED_SELECTOR = YES;
				GCC_WARN_UNINITIALIZED_AUTOS = YES_AGGRESSIVE;
				GCC_WARN_UNUSED_FUNCTION = YES;
				GCC_WARN_UNUSED_VARIABLE = YES;
				IPHONEOS_DEPLOYMENT_TARGET = 9.2;
				MTL_ENABLE_DEBUG_INFO = NO;
				SDKROOT = iphoneos;
				TARGETED_DEVICE_FAMILY = "1,2";
				VALIDATE_PRODUCT = YES;
			};
			name = Release;
		};
		C93BEE281C78FB5400E22D9F /* Debug */ = {
			isa = XCBuildConfiguration;
			baseConfigurationReference = A508ABAD10AC7679E64901AA /* Pods.debug.xcconfig */;
			buildSettings = {
				ASSETCATALOG_COMPILER_APPICON_NAME = AppIcon;
				CLANG_ENABLE_MODULES = YES;
				INFOPLIST_FILE = Twitter/Info.plist;
				LD_RUNPATH_SEARCH_PATHS = "$(inherited) @executable_path/Frameworks";
				PRODUCT_BUNDLE_IDENTIFIER = codepath.Twitter;
				PRODUCT_NAME = "$(TARGET_NAME)";
				SWIFT_OBJC_BRIDGING_HEADER = "Twitter/Twitter-Bridging-Header.h";
				SWIFT_OPTIMIZATION_LEVEL = "-Onone";
			};
			name = Debug;
		};
		C93BEE291C78FB5400E22D9F /* Release */ = {
			isa = XCBuildConfiguration;
			baseConfigurationReference = 3AFDD79280C5385B80093EED /* Pods.release.xcconfig */;
			buildSettings = {
				ASSETCATALOG_COMPILER_APPICON_NAME = AppIcon;
				CLANG_ENABLE_MODULES = YES;
				INFOPLIST_FILE = Twitter/Info.plist;
				LD_RUNPATH_SEARCH_PATHS = "$(inherited) @executable_path/Frameworks";
				PRODUCT_BUNDLE_IDENTIFIER = codepath.Twitter;
				PRODUCT_NAME = "$(TARGET_NAME)";
				SWIFT_OBJC_BRIDGING_HEADER = "Twitter/Twitter-Bridging-Header.h";
			};
			name = Release;
		};
/* End XCBuildConfiguration section */

/* Begin XCConfigurationList section */
		C93BEE101C78FB5400E22D9F /* Build configuration list for PBXProject "Twitter" */ = {
			isa = XCConfigurationList;
			buildConfigurations = (
				C93BEE251C78FB5400E22D9F /* Debug */,
				C93BEE261C78FB5400E22D9F /* Release */,
			);
			defaultConfigurationIsVisible = 0;
			defaultConfigurationName = Release;
		};
		C93BEE271C78FB5400E22D9F /* Build configuration list for PBXNativeTarget "Twitter" */ = {
			isa = XCConfigurationList;
			buildConfigurations = (
				C93BEE281C78FB5400E22D9F /* Debug */,
				C93BEE291C78FB5400E22D9F /* Release */,
			);
			defaultConfigurationIsVisible = 0;
			defaultConfigurationName = Release;
		};
/* End XCConfigurationList section */
	};
	rootObject = C93BEE0D1C78FB5400E22D9F /* Project object */;
}
